
Microsoft Visual Studio Solution File, Format Version 12.00
# Visual Studio Version 17
VisualStudioVersion = 17.5.002.0
MinimumVisualStudioVersion = 10.0.40219.1
Project("{2150E333-8FDC-42A3-9474-1A3956D46DE8}") = "CsharpProjects", "CsharpProjects", "{AE65B1AF-27C9-483A-8A03-28CEB1318B69}"
EndProject
Project("{9A19103F-16F7-4668-BE54-9A1E7A4F7556}") = "TestProject", "CsharpProjects\TestProject\TestProject.csproj", "{866B02A8-2AFE-4967-BC65-E43B528D6E29}"
EndProject
Global
	GlobalSection(SolutionConfigurationPlatforms) = preSolution
		Debug|Any CPU = Debug|Any CPU
		Release|Any CPU = Release|Any CPU
	EndGlobalSection
	GlobalSection(ProjectConfigurationPlatforms) = postSolution
		{866B02A8-2AFE-4967-BC65-E43B528D6E29}.Debug|Any CPU.ActiveCfg = Debug|Any CPU
		{866B02A8-2AFE-4967-BC65-E43B528D6E29}.Debug|Any CPU.Build.0 = Debug|Any CPU
		{866B02A8-2AFE-4967-BC65-E43B528D6E29}.Release|Any CPU.ActiveCfg = Release|Any CPU
		{866B02A8-2AFE-4967-BC65-E43B528D6E29}.Release|Any CPU.Build.0 = Release|Any CPU
	EndGlobalSection
	GlobalSection(SolutionProperties) = preSolution
		HideSolutionNode = FALSE
	EndGlobalSection
	GlobalSection(NestedProjects) = preSolution
		{866B02A8-2AFE-4967-BC65-E43B528D6E29} = {AE65B1AF-27C9-483A-8A03-28CEB1318B69}
	EndGlobalSection
	GlobalSection(ExtensibilityGlobals) = postSolution
		SolutionGuid = {46B4C5A3-52B9-42C9-9CB6-1C353AF183AD}
	EndGlobalSection
EndGlobal
