
Microsoft Visual Studio Solution File, Format Version 12.00
# Visual Studio Version 17
VisualStudioVersion = 17.5.002.0
MinimumVisualStudioVersion = 10.0.40219.1
Project("{9A19103F-16F7-4668-BE54-9A1E7A4F7556}") = "TestProject", "TestProject.csproj", "{4A9707D8-4972-42AE-AAE3-50941681C5CD}"
EndProject
Global
	GlobalSection(SolutionConfigurationPlatforms) = preSolution
		Debug|Any CPU = Debug|Any CPU
		Release|Any CPU = Release|Any CPU
	EndGlobalSection
	GlobalSection(ProjectConfigurationPlatforms) = postSolution
		{4A9707D8-4972-42AE-AAE3-50941681C5CD}.Debug|Any CPU.ActiveCfg = Debug|Any CPU
		{4A9707D8-4972-42AE-AAE3-50941681C5CD}.Debug|Any CPU.Build.0 = Debug|Any CPU
		{4A9707D8-4972-42AE-AAE3-50941681C5CD}.Release|Any CPU.ActiveCfg = Release|Any CPU
		{4A9707D8-4972-42AE-AAE3-50941681C5CD}.Release|Any CPU.Build.0 = Release|Any CPU
	EndGlobalSection
	GlobalSection(SolutionProperties) = preSolution
		HideSolutionNode = FALSE
	EndGlobalSection
	GlobalSection(ExtensibilityGlobals) = postSolution
		SolutionGuid = {955C47C8-A229-46A7-A00C-3A3AAA174B0B}
	EndGlobalSection
EndGlobal
